
Microsoft Visual Studio Solution File, Format Version 12.00
# Visual Studio Version 17
VisualStudioVersion = 17.11.35327.3
MinimumVisualStudioVersion = 10.0.40219.1
Project("{9A19103F-16F7-4668-BE54-9A1E7A4F7556}") = "EducaOnline.Api", "src\EducaOnline.Api\EducaOnline.Api.csproj", "{C2FFDB86-A5CD-494E-AB08-00A866204F27}"
EndProject
Project("{2150E333-8FDC-42A3-9474-1A3956D46DE8}") = "BuildingBlocks", "BuildingBlocks", "{1EBA82B1-55D9-458E-90D8-6D3BBF6FE186}"
EndProject
Project("{2150E333-8FDC-42A3-9474-1A3956D46DE8}") = "Services", "Services", "{B3DFF367-C25A-4087-B638-9C3A6478C3F4}"
EndProject
Project("{2150E333-8FDC-42A3-9474-1A3956D46DE8}") = "Conteudo", "Conteudo", "{94A1E3A7-F182-44DF-BC29-C33222AC31CF}"
EndProject
Project("{2150E333-8FDC-42A3-9474-1A3956D46DE8}") = "Aluno", "Aluno", "{8BCEB896-1CC6-482A-81DC-D491E15F09BF}"
EndProject
Project("{2150E333-8FDC-42A3-9474-1A3956D46DE8}") = "Financeiro", "Financeiro", "{13B1AA0B-F028-40F8-8C87-79C4F9F195DC}"
EndProject
Project("{9A19103F-16F7-4668-BE54-9A1E7A4F7556}") = "EducaOnline.Aluno.Application", "src\EducaOnline.Aluno.Application\EducaOnline.Aluno.Application.csproj", "{E8F42296-7D61-4F08-8C9C-06802A5B716B}"
EndProject
Project("{9A19103F-16F7-4668-BE54-9A1E7A4F7556}") = "EducaOnline.Conteudo.Application", "src\EducaOnline.Conteudo.Application\EducaOnline.Conteudo.Application.csproj", "{706BADBB-4E2C-40A3-9A08-75A1F4108B70}"
EndProject
Project("{9A19103F-16F7-4668-BE54-9A1E7A4F7556}") = "EducaOnline.Financeiro.Application", "src\EducaOnline.Financeiro.Application\EducaOnline.Financeiro.Application.csproj", "{6A3469BD-E260-4D4C-8196-94030B73340D}"
EndProject
Project("{2150E333-8FDC-42A3-9474-1A3956D46DE8}") = "WebApis", "WebApis", "{0AD17C36-E612-4CD8-BE39-8F7C6F4AA2E2}"
EndProject
Project("{9A19103F-16F7-4668-BE54-9A1E7A4F7556}") = "EducaOnline.Financeiro.Data", "src\EducaOnline.Financeiro.Data\EducaOnline.Financeiro.Data.csproj", "{5CDBB78F-C548-4A26-A4A4-3CC6E337BE44}"
EndProject
Project("{9A19103F-16F7-4668-BE54-9A1E7A4F7556}") = "EducaOnline.Financeiro.Domain", "src\EducaOnline.Financeiro.Domain\EducaOnline.Financeiro.Domain.csproj", "{A01C2C47-3683-427D-8F99-C1CD77483CA8}"
EndProject
Project("{9A19103F-16F7-4668-BE54-9A1E7A4F7556}") = "EducaOnline.Conteudo.Domain", "src\EducaOnline.Conteudo.Domain\EducaOnline.Conteudo.Domain.csproj", "{3E1980CF-4266-4354-A077-EA3D4455006E}"
EndProject
Project("{9A19103F-16F7-4668-BE54-9A1E7A4F7556}") = "EducaOnline.Conteudo.Data", "src\EducaOnline.Conteudo.Data\EducaOnline.Conteudo.Data.csproj", "{676DFF53-DA31-4B75-9617-915B56136ADE}"
EndProject
Project("{9A19103F-16F7-4668-BE54-9A1E7A4F7556}") = "EducaOnline.Aluno.Data", "src\EducaOnline.Aluno.Data\EducaOnline.Aluno.Data.csproj", "{B6562058-5926-45B8-B40A-A9E5CE37F5D2}"
EndProject
Project("{9A19103F-16F7-4668-BE54-9A1E7A4F7556}") = "EducaOnline.Aluno.Domain", "src\EducaOnline.Aluno.Domain\EducaOnline.Aluno.Domain.csproj", "{C06BF4E2-72C3-462A-BAC0-EF1E4F8E7634}"
EndProject
Project("{9A19103F-16F7-4668-BE54-9A1E7A4F7556}") = "EventSourcing", "src\EventSourcing\EventSourcing.csproj", "{CA2C3371-43CA-44A1-BDD1-B56DCC6A4604}"
EndProject
Project("{2150E333-8FDC-42A3-9474-1A3956D46DE8}") = "Core", "Core", "{8DF72C19-37B6-4612-9265-7DFAF4622DF5}"
EndProject
Project("{9A19103F-16F7-4668-BE54-9A1E7A4F7556}") = "EducaOnline.Core", "src\EducaOnline.Core\EducaOnline.Core.csproj", "{79D4EBD4-250E-4990-AE63-2C65FC9110A5}"
EndProject
Global
	GlobalSection(SolutionConfigurationPlatforms) = preSolution
		Debug|Any CPU = Debug|Any CPU
		Release|Any CPU = Release|Any CPU
	EndGlobalSection
	GlobalSection(ProjectConfigurationPlatforms) = postSolution
		{C2FFDB86-A5CD-494E-AB08-00A866204F27}.Debug|Any CPU.ActiveCfg = Debug|Any CPU
		{C2FFDB86-A5CD-494E-AB08-00A866204F27}.Debug|Any CPU.Build.0 = Debug|Any CPU
		{C2FFDB86-A5CD-494E-AB08-00A866204F27}.Release|Any CPU.ActiveCfg = Release|Any CPU
		{C2FFDB86-A5CD-494E-AB08-00A866204F27}.Release|Any CPU.Build.0 = Release|Any CPU
		{E8F42296-7D61-4F08-8C9C-06802A5B716B}.Debug|Any CPU.ActiveCfg = Debug|Any CPU
		{E8F42296-7D61-4F08-8C9C-06802A5B716B}.Debug|Any CPU.Build.0 = Debug|Any CPU
		{E8F42296-7D61-4F08-8C9C-06802A5B716B}.Release|Any CPU.ActiveCfg = Release|Any CPU
		{E8F42296-7D61-4F08-8C9C-06802A5B716B}.Release|Any CPU.Build.0 = Release|Any CPU
		{706BADBB-4E2C-40A3-9A08-75A1F4108B70}.Debug|Any CPU.ActiveCfg = Debug|Any CPU
		{706BADBB-4E2C-40A3-9A08-75A1F4108B70}.Debug|Any CPU.Build.0 = Debug|Any CPU
		{706BADBB-4E2C-40A3-9A08-75A1F4108B70}.Release|Any CPU.ActiveCfg = Release|Any CPU
		{706BADBB-4E2C-40A3-9A08-75A1F4108B70}.Release|Any CPU.Build.0 = Release|Any CPU
		{6A3469BD-E260-4D4C-8196-94030B73340D}.Debug|Any CPU.ActiveCfg = Debug|Any CPU
		{6A3469BD-E260-4D4C-8196-94030B73340D}.Debug|Any CPU.Build.0 = Debug|Any CPU
		{6A3469BD-E260-4D4C-8196-94030B73340D}.Release|Any CPU.ActiveCfg = Release|Any CPU
		{6A3469BD-E260-4D4C-8196-94030B73340D}.Release|Any CPU.Build.0 = Release|Any CPU
		{5CDBB78F-C548-4A26-A4A4-3CC6E337BE44}.Debug|Any CPU.ActiveCfg = Debug|Any CPU
		{5CDBB78F-C548-4A26-A4A4-3CC6E337BE44}.Debug|Any CPU.Build.0 = Debug|Any CPU
		{5CDBB78F-C548-4A26-A4A4-3CC6E337BE44}.Release|Any CPU.ActiveCfg = Release|Any CPU
		{5CDBB78F-C548-4A26-A4A4-3CC6E337BE44}.Release|Any CPU.Build.0 = Release|Any CPU
		{A01C2C47-3683-427D-8F99-C1CD77483CA8}.Debug|Any CPU.ActiveCfg = Debug|Any CPU
		{A01C2C47-3683-427D-8F99-C1CD77483CA8}.Debug|Any CPU.Build.0 = Debug|Any CPU
		{A01C2C47-3683-427D-8F99-C1CD77483CA8}.Release|Any CPU.ActiveCfg = Release|Any CPU
		{A01C2C47-3683-427D-8F99-C1CD77483CA8}.Release|Any CPU.Build.0 = Release|Any CPU
		{3E1980CF-4266-4354-A077-EA3D4455006E}.Debug|Any CPU.ActiveCfg = Debug|Any CPU
		{3E1980CF-4266-4354-A077-EA3D4455006E}.Debug|Any CPU.Build.0 = Debug|Any CPU
		{3E1980CF-4266-4354-A077-EA3D4455006E}.Release|Any CPU.ActiveCfg = Release|Any CPU
		{3E1980CF-4266-4354-A077-EA3D4455006E}.Release|Any CPU.Build.0 = Release|Any CPU
		{676DFF53-DA31-4B75-9617-915B56136ADE}.Debug|Any CPU.ActiveCfg = Debug|Any CPU
		{676DFF53-DA31-4B75-9617-915B56136ADE}.Debug|Any CPU.Build.0 = Debug|Any CPU
		{676DFF53-DA31-4B75-9617-915B56136ADE}.Release|Any CPU.ActiveCfg = Release|Any CPU
		{676DFF53-DA31-4B75-9617-915B56136ADE}.Release|Any CPU.Build.0 = Release|Any CPU
		{B6562058-5926-45B8-B40A-A9E5CE37F5D2}.Debug|Any CPU.ActiveCfg = Debug|Any CPU
		{B6562058-5926-45B8-B40A-A9E5CE37F5D2}.Debug|Any CPU.Build.0 = Debug|Any CPU
		{B6562058-5926-45B8-B40A-A9E5CE37F5D2}.Release|Any CPU.ActiveCfg = Release|Any CPU
		{B6562058-5926-45B8-B40A-A9E5CE37F5D2}.Release|Any CPU.Build.0 = Release|Any CPU
		{C06BF4E2-72C3-462A-BAC0-EF1E4F8E7634}.Debug|Any CPU.ActiveCfg = Debug|Any CPU
		{C06BF4E2-72C3-462A-BAC0-EF1E4F8E7634}.Debug|Any CPU.Build.0 = Debug|Any CPU
		{C06BF4E2-72C3-462A-BAC0-EF1E4F8E7634}.Release|Any CPU.ActiveCfg = Release|Any CPU
		{C06BF4E2-72C3-462A-BAC0-EF1E4F8E7634}.Release|Any CPU.Build.0 = Release|Any CPU
		{CA2C3371-43CA-44A1-BDD1-B56DCC6A4604}.Debug|Any CPU.ActiveCfg = Debug|Any CPU
		{CA2C3371-43CA-44A1-BDD1-B56DCC6A4604}.Debug|Any CPU.Build.0 = Debug|Any CPU
		{CA2C3371-43CA-44A1-BDD1-B56DCC6A4604}.Release|Any CPU.ActiveCfg = Release|Any CPU
		{CA2C3371-43CA-44A1-BDD1-B56DCC6A4604}.Release|Any CPU.Build.0 = Release|Any CPU
		{79D4EBD4-250E-4990-AE63-2C65FC9110A5}.Debug|Any CPU.ActiveCfg = Debug|Any CPU
		{79D4EBD4-250E-4990-AE63-2C65FC9110A5}.Debug|Any CPU.Build.0 = Debug|Any CPU
		{79D4EBD4-250E-4990-AE63-2C65FC9110A5}.Release|Any CPU.ActiveCfg = Release|Any CPU
		{79D4EBD4-250E-4990-AE63-2C65FC9110A5}.Release|Any CPU.Build.0 = Release|Any CPU
	EndGlobalSection
	GlobalSection(SolutionProperties) = preSolution
		HideSolutionNode = FALSE
	EndGlobalSection
	GlobalSection(NestedProjects) = preSolution
		{C2FFDB86-A5CD-494E-AB08-00A866204F27} = {0AD17C36-E612-4CD8-BE39-8F7C6F4AA2E2}
		{94A1E3A7-F182-44DF-BC29-C33222AC31CF} = {B3DFF367-C25A-4087-B638-9C3A6478C3F4}
		{8BCEB896-1CC6-482A-81DC-D491E15F09BF} = {B3DFF367-C25A-4087-B638-9C3A6478C3F4}
		{13B1AA0B-F028-40F8-8C87-79C4F9F195DC} = {B3DFF367-C25A-4087-B638-9C3A6478C3F4}
		{E8F42296-7D61-4F08-8C9C-06802A5B716B} = {8BCEB896-1CC6-482A-81DC-D491E15F09BF}
		{706BADBB-4E2C-40A3-9A08-75A1F4108B70} = {94A1E3A7-F182-44DF-BC29-C33222AC31CF}
		{6A3469BD-E260-4D4C-8196-94030B73340D} = {13B1AA0B-F028-40F8-8C87-79C4F9F195DC}
		{5CDBB78F-C548-4A26-A4A4-3CC6E337BE44} = {13B1AA0B-F028-40F8-8C87-79C4F9F195DC}
		{A01C2C47-3683-427D-8F99-C1CD77483CA8} = {13B1AA0B-F028-40F8-8C87-79C4F9F195DC}
		{3E1980CF-4266-4354-A077-EA3D4455006E} = {94A1E3A7-F182-44DF-BC29-C33222AC31CF}
		{676DFF53-DA31-4B75-9617-915B56136ADE} = {94A1E3A7-F182-44DF-BC29-C33222AC31CF}
		{B6562058-5926-45B8-B40A-A9E5CE37F5D2} = {8BCEB896-1CC6-482A-81DC-D491E15F09BF}
		{C06BF4E2-72C3-462A-BAC0-EF1E4F8E7634} = {8BCEB896-1CC6-482A-81DC-D491E15F09BF}
		{CA2C3371-43CA-44A1-BDD1-B56DCC6A4604} = {1EBA82B1-55D9-458E-90D8-6D3BBF6FE186}
		{8DF72C19-37B6-4612-9265-7DFAF4622DF5} = {B3DFF367-C25A-4087-B638-9C3A6478C3F4}
		{79D4EBD4-250E-4990-AE63-2C65FC9110A5} = {8DF72C19-37B6-4612-9265-7DFAF4622DF5}
	EndGlobalSection
	GlobalSection(ExtensibilityGlobals) = postSolution
		SolutionGuid = {89A5D0BD-A151-4BF7-AE58-A2A1D7397E41}
	EndGlobalSection
EndGlobal
